
Microsoft Visual Studio Solution File, Format Version 12.00
# Visual Studio 14
VisualStudioVersion = 14.0.25420.1
MinimumVisualStudioVersion = 10.0.40219.1
Project("{FAE04EC0-301F-11D3-BF4B-00C04F79EFBC}") = "TGAccounting", "TGAccounting\TGAccounting.csproj", "{DE7D469F-2019-4EB7-AA50-C4C953BCF081}"
EndProject
Project("{54435603-DBB4-11D2-8724-00A0C9A8B90C}") = "Profit and Loss", "Profit and Loss\Profit and Loss.vdproj", "{EC5531E9-DD28-4E5E-99D2-0A14170EBAF8}"
EndProject
Global
	GlobalSection(SolutionConfigurationPlatforms) = preSolution
		Debug|Any CPU = Debug|Any CPU
		Release|Any CPU = Release|Any CPU
	EndGlobalSection
	GlobalSection(ProjectConfigurationPlatforms) = postSolution
		{DE7D469F-2019-4EB7-AA50-C4C953BCF081}.Debug|Any CPU.ActiveCfg = Debug|Any CPU
		{DE7D469F-2019-4EB7-AA50-C4C953BCF081}.Debug|Any CPU.Build.0 = Debug|Any CPU
		{DE7D469F-2019-4EB7-AA50-C4C953BCF081}.Release|Any CPU.ActiveCfg = Release|Any CPU
		{DE7D469F-2019-4EB7-AA50-C4C953BCF081}.Release|Any CPU.Build.0 = Release|Any CPU
		{EC5531E9-DD28-4E5E-99D2-0A14170EBAF8}.Debug|Any CPU.ActiveCfg = Debug
		{EC5531E9-DD28-4E5E-99D2-0A14170EBAF8}.Release|Any CPU.ActiveCfg = Release
	EndGlobalSection
	GlobalSection(SolutionProperties) = preSolution
		HideSolutionNode = FALSE
	EndGlobalSection
EndGlobal
